
Microsoft Visual Studio Solution File, Format Version 12.00
# Visual Studio Version 17
VisualStudioVersion = 17.8.34511.84
MinimumVisualStudioVersion = 10.0.40219.1
Project("{9A19103F-16F7-4668-BE54-9A1E7A4F7556}") = "Tennis-Score-App", "Tennis-Score-App\Tennis-Score-App.csproj", "{878A1145-E988-4422-9C3F-2A4F56A324C1}"
EndProject
Global
	GlobalSection(SolutionConfigurationPlatforms) = preSolution
		Debug|Any CPU = Debug|Any CPU
		Release|Any CPU = Release|Any CPU
	EndGlobalSection
	GlobalSection(ProjectConfigurationPlatforms) = postSolution
		{878A1145-E988-4422-9C3F-2A4F56A324C1}.Debug|Any CPU.ActiveCfg = Debug|Any CPU
		{878A1145-E988-4422-9C3F-2A4F56A324C1}.Debug|Any CPU.Build.0 = Debug|Any CPU
		{878A1145-E988-4422-9C3F-2A4F56A324C1}.Release|Any CPU.ActiveCfg = Release|Any CPU
		{878A1145-E988-4422-9C3F-2A4F56A324C1}.Release|Any CPU.Build.0 = Release|Any CPU
	EndGlobalSection
	GlobalSection(SolutionProperties) = preSolution
		HideSolutionNode = FALSE
	EndGlobalSection
	GlobalSection(ExtensibilityGlobals) = postSolution
		SolutionGuid = {8784AC1F-D758-47FB-B55F-E5005AB4B7EE}
	EndGlobalSection
EndGlobal
